
Microsoft Visual Studio Solution File, Format Version 12.00
# Visual Studio 14
VisualStudioVersion = 14.0.25420.1
MinimumVisualStudioVersion = 10.0.40219.1
Project("{2150E333-8FDC-42A3-9474-1A3956D46DE8}") = "Defra.Customer", "Defra.Customer", "{E96D6919-C78D-4EC5-9420-6EB61B37B256}"
EndProject
Project("{FAE04EC0-301F-11D3-BF4B-00C04F79EFBC}") = "Defra.Customer.Plugins", "Assembly2\Assembly\Defra.Customer.Plugins.csproj", "{D9427187-A171-4972-86DF-F6A3836227CD}"
EndProject
Global
	GlobalSection(SolutionConfigurationPlatforms) = preSolution
		Debug|Any CPU = Debug|Any CPU
		Release|Any CPU = Release|Any CPU
	EndGlobalSection
	GlobalSection(ProjectConfigurationPlatforms) = postSolution
		{D9427187-A171-4972-86DF-F6A3836227CD}.Debug|Any CPU.ActiveCfg = Debug|Any CPU
		{D9427187-A171-4972-86DF-F6A3836227CD}.Debug|Any CPU.Build.0 = Debug|Any CPU
		{D9427187-A171-4972-86DF-F6A3836227CD}.Release|Any CPU.ActiveCfg = Release|Any CPU
		{D9427187-A171-4972-86DF-F6A3836227CD}.Release|Any CPU.Build.0 = Release|Any CPU
	EndGlobalSection
	GlobalSection(SolutionProperties) = preSolution
		HideSolutionNode = FALSE
	EndGlobalSection
	GlobalSection(NestedProjects) = preSolution
		{D9427187-A171-4972-86DF-F6A3836227CD} = {E96D6919-C78D-4EC5-9420-6EB61B37B256}
	EndGlobalSection
EndGlobal
